
Microsoft Visual Studio Solution File, Format Version 12.00
# Visual Studio Version 17
VisualStudioVersion = 17.10.34928.147
MinimumVisualStudioVersion = 10.0.40219.1
Project("{FAE04EC0-301F-11D3-BF4B-00C04F79EFBC}") = "HospitalManagementSystem.Web", "HospitalManagementSystem\HospitalManagementSystem.Web.csproj", "{4DFE0B72-76C8-40B9-9033-F050B8D3C178}"
EndProject
Project("{FAE04EC0-301F-11D3-BF4B-00C04F79EFBC}") = "HospitalManagementSystem.Core", "HospitalManagementSystem.Core\HospitalManagementSystem.Core.csproj", "{525D9C61-7BAE-4671-A0F8-4F3087BA7830}"
EndProject
Global
	GlobalSection(SolutionConfigurationPlatforms) = preSolution
		Debug|Any CPU = Debug|Any CPU
		Release|Any CPU = Release|Any CPU
	EndGlobalSection
	GlobalSection(ProjectConfigurationPlatforms) = postSolution
		{4DFE0B72-76C8-40B9-9033-F050B8D3C178}.Debug|Any CPU.ActiveCfg = Debug|Any CPU
		{4DFE0B72-76C8-40B9-9033-F050B8D3C178}.Debug|Any CPU.Build.0 = Debug|Any CPU
		{4DFE0B72-76C8-40B9-9033-F050B8D3C178}.Release|Any CPU.ActiveCfg = Release|Any CPU
		{4DFE0B72-76C8-40B9-9033-F050B8D3C178}.Release|Any CPU.Build.0 = Release|Any CPU
		{525D9C61-7BAE-4671-A0F8-4F3087BA7830}.Debug|Any CPU.ActiveCfg = Debug|Any CPU
		{525D9C61-7BAE-4671-A0F8-4F3087BA7830}.Debug|Any CPU.Build.0 = Debug|Any CPU
		{525D9C61-7BAE-4671-A0F8-4F3087BA7830}.Release|Any CPU.ActiveCfg = Release|Any CPU
		{525D9C61-7BAE-4671-A0F8-4F3087BA7830}.Release|Any CPU.Build.0 = Release|Any CPU
	EndGlobalSection
	GlobalSection(SolutionProperties) = preSolution
		HideSolutionNode = FALSE
	EndGlobalSection
	GlobalSection(ExtensibilityGlobals) = postSolution
		SolutionGuid = {628ED1C9-1BFB-44C5-83ED-A3A397A64595}
	EndGlobalSection
EndGlobal
